# This file is autogenerated, do not edit; changes may be undone by the next 'dep ensure'.


[[projects]]
  branch = "master"
  digest = "1:e604470006316b402f6056d4f2dee38e641386579bfa613c9f3a5865e500d32e"
  name = "github.com/Bplotka/go-httpt"
  packages = [
    ".",
    "rt",
  ]
  pruneopts = ""
  revision = "53123151721699f5a134408fc1e434f4b42084f5"

[[projects]]
  digest = "1:9f1e571696860f2b4f8a241b43ce91c6085e7aaed849ccca53f590a4dc7b95bd"
  name = "github.com/fsnotify/fsnotify"
  packages = ["."]
  pruneopts = ""
  revision = "629574ca2a5df945712d3079857300b5e4da0236"
  version = "v1.4.2"

[[projects]]
  branch = "master"
  digest = "1:54154e6dbc8ce9438f24131cabfeaada1582b35fcdb2ff8457b77a4b1b9a13af"
  name = "github.com/hashicorp/hcl"
  packages = [
    ".",
    "hcl/ast",
    "hcl/parser",
    "hcl/scanner",
    "hcl/strconv",
    "hcl/token",
    "json/parser",
    "json/scanner",
    "json/token",
  ]
  pruneopts = ""
  revision = "392dba7d905ed5d04a5794ba89f558b27e2ba1ca"

[[projects]]
  branch = "master"
  digest = "1:870d441fe217b8e689d7949fef6e43efbc787e50f200cb1e70dbca9204a1d6be"
  name = "github.com/inconshreveable/mousetrap"
  packages = ["."]
  pruneopts = ""
  revision = "76626ae9c91c4f2a10f34cad8ce83ea42c93bb75"

[[projects]]
  digest = "1:ae5aedef1924267d5a1319b2531e2ae8b475d5e40f931565109ef0762c885d85"
  name = "github.com/magiconair/properties"
  packages = ["."]
  pruneopts = ""
  revision = "f917359f079a3759162704eaa8caeec3d01d9f91"
  version = "v1.7.2"

[[projects]]
  branch = "master"
  digest = "1:c9ede10a9ded782d25d1f0be87c680e11409c23554828f19a19d691a95e76130"
  name = "github.com/mitchellh/mapstructure"
  packages = ["."]
  pruneopts = ""
  revision = "d0303fe809921458f417bcf828397a65db30a7e4"

[[projects]]
  digest = "1:049b5bee78dfdc9628ee0e557219c41f683e5b06c5a5f20eaba0105ccc586689"
  name = "github.com/pelletier/go-buffruneio"
  packages = ["."]
  pruneopts = ""
  revision = "c37440a7cf42ac63b919c752ca73a85067e05992"
  version = "v0.2.0"

[[projects]]
  digest = "1:6d5a9728ae27e477a07bb69f02ea0bade74eb8b0c7346d046337904bbf7af065"
  name = "github.com/pelletier/go-toml"
  packages = ["."]
  pruneopts = ""
  revision = "5ccdfb18c776b740aecaf085c4d9a2779199c279"
  version = "v1.0.0"

[[projects]]
  branch = "master"
  digest = "1:a35a4db30a6094deac33fdb99de9ed99fefc39a7bf06b57d9f04bcaa425bb183"
  name = "github.com/spf13/afero"
  packages = [
    ".",
    "mem",
  ]
  pruneopts = ""
  revision = "9be650865eab0c12963d8753212f4f9c66cdcf12"

[[projects]]
  digest = "1:6ff9b74bfea2625f805edec59395dc37e4a06458dd3c14e3372337e3d35a2ed6"
  name = "github.com/spf13/cast"
  packages = ["."]
  pruneopts = ""
  revision = "acbeb36b902d72a7a4c18e8f3241075e7ab763e4"
  version = "v1.1.0"

[[projects]]
  branch = "master"
  digest = "1:d4decfac45bbf36fcd0ae2ab26685dfbae3f5fcd6c5874670a6177a8b917c5f0"
  name = "github.com/spf13/cobra"
  packages = ["."]
  pruneopts = ""
  revision = "99ff9334bda26384b5ef4a4aaa4d444d29bdde73"

[[projects]]
  branch = "master"
  digest = "1:0f963ca61135dee190399f80203bd6dc0b4eef742ae60ddde08da68fdf2ac9f1"
  name = "github.com/spf13/jwalterweatherman"
  packages = ["."]
  pruneopts = ""
  revision = "0efa5202c04663c757d84f90f5219c1250baf94f"

[[projects]]
  branch = "master"
  digest = "1:261bc565833ef4f02121450d74eb88d5ae4bd74bfe5d0e862cddb8550ec35000"
  name = "github.com/spf13/pflag"
  packages = ["."]
  pruneopts = ""
  revision = "e57e3eeb33f795204c1ca35f56c44f83227c6e66"

[[projects]]
  branch = "master"
  digest = "1:39b18fee280ddc80b9f7b2bde31084c1937a1290d9308539a30077df59e6f734"
  name = "github.com/spf13/viper"
  packages = ["."]
  pruneopts = ""
  revision = "0967fc9aceab2ce9da34061253ac10fb99bba5b2"

[[projects]]
  branch = "master"
  digest = "1:da92089c63119cb17d70394879ce3c30f234797bb8a2b8698396db91a43f8a87"
  name = "golang.org/x/sys"
  packages = ["unix"]
  pruneopts = ""
  revision = "b9e8d468b01f806830d387bd9a1fe96dc68129d1"

[[projects]]
  branch = "master"
  digest = "1:ef648179f6401465e80dd8b072a614bb82bb929e1c3d97d7adc85b91fbb7675c"
  name = "golang.org/x/text"
  packages = [
    "internal/gen",
    "internal/triegen",
    "internal/ucd",
    "transform",
    "unicode/cldr",
    "unicode/norm",
  ]
  pruneopts = ""
  revision = "eae24e7440a7aee8476ea69a0c574eafb42f5839"

[[projects]]
  branch = "v2"
  digest = "1:a3a9e86d4cd7b56a405875f475a6bb29f4614692fddf33e10eca5c839250b49e"
  name = "gopkg.in/yaml.v2"
  packages = ["."]
  pruneopts = ""
  revision = "cd8b52f8269e0feb286dfeef29f8fe4d5b397e0b"

[solve-meta]
  analyzer-name = "dep"
  analyzer-version = 1
  input-imports = [
    "github.com/Bplotka/go-httpt",
    "github.com/Bplotka/go-httpt/rt",
    "github.com/spf13/cobra",
    "github.com/spf13/pflag",
    "github.com/spf13/viper",
  ]
  solver-name = "gps-cdcl"
  solver-version = 1
